
Microsoft Visual Studio Solution File, Format Version 12.00
# Visual Studio Express 2013 for Web
VisualStudioVersion = 12.0.30501.0
MinimumVisualStudioVersion = 10.0.40219.1
Project("{FAE04EC0-301F-11D3-BF4B-00C04F79EFBC}") = "QuizzyQuiz.Web", "QuizzyQuiz.Web\QuizzyQuiz.Web.csproj", "{FFE88009-530C-4A45-BEA8-7F214A6B5761}"
EndProject
Project("{FAE04EC0-301F-11D3-BF4B-00C04F79EFBC}") = "QuizzyQuiz.Data", "QuizzyQuiz.Data\QuizzyQuiz.Data.csproj", "{A1D54F4E-D861-4B99-85E0-E3829528CB42}"
EndProject
Project("{FAE04EC0-301F-11D3-BF4B-00C04F79EFBC}") = "QuizzyQuiz.Data.Models", "QuizzyQuiz.Data.Models\QuizzyQuiz.Data.Models.csproj", "{1FDB5969-733D-477D-A17A-E48C67A2C85C}"
EndProject
Global
	GlobalSection(SolutionConfigurationPlatforms) = preSolution
		Debug|Any CPU = Debug|Any CPU
		Release|Any CPU = Release|Any CPU
	EndGlobalSection
	GlobalSection(ProjectConfigurationPlatforms) = postSolution
		{FFE88009-530C-4A45-BEA8-7F214A6B5761}.Debug|Any CPU.ActiveCfg = Debug|Any CPU
		{FFE88009-530C-4A45-BEA8-7F214A6B5761}.Debug|Any CPU.Build.0 = Debug|Any CPU
		{FFE88009-530C-4A45-BEA8-7F214A6B5761}.Release|Any CPU.ActiveCfg = Release|Any CPU
		{FFE88009-530C-4A45-BEA8-7F214A6B5761}.Release|Any CPU.Build.0 = Release|Any CPU
		{A1D54F4E-D861-4B99-85E0-E3829528CB42}.Debug|Any CPU.ActiveCfg = Debug|Any CPU
		{A1D54F4E-D861-4B99-85E0-E3829528CB42}.Debug|Any CPU.Build.0 = Debug|Any CPU
		{A1D54F4E-D861-4B99-85E0-E3829528CB42}.Release|Any CPU.ActiveCfg = Release|Any CPU
		{A1D54F4E-D861-4B99-85E0-E3829528CB42}.Release|Any CPU.Build.0 = Release|Any CPU
		{1FDB5969-733D-477D-A17A-E48C67A2C85C}.Debug|Any CPU.ActiveCfg = Debug|Any CPU
		{1FDB5969-733D-477D-A17A-E48C67A2C85C}.Debug|Any CPU.Build.0 = Debug|Any CPU
		{1FDB5969-733D-477D-A17A-E48C67A2C85C}.Release|Any CPU.ActiveCfg = Release|Any CPU
		{1FDB5969-733D-477D-A17A-E48C67A2C85C}.Release|Any CPU.Build.0 = Release|Any CPU
	EndGlobalSection
	GlobalSection(SolutionProperties) = preSolution
		HideSolutionNode = FALSE
	EndGlobalSection
EndGlobal
